<Solution>
  <Project Path="aula094/aula094.csproj" Id="8bb78dc7-ace0-481b-a26f-485ce60d65bf" />
  <Project Path="aula095/aula095.csproj" Id="ec1963a1-c68f-4db5-befa-5f3379938a82" />
  <Project Path="aula096/aula096.csproj" Id="0d343e65-a540-4290-a851-96156ce85660" />
  <Project Path="aula097/aula097.csproj" Id="2528e0cc-c64c-4c33-8c8d-a28413f8b609" />
  <Project Path="aula098/aula098.csproj" Id="4526620b-b0fa-40d2-bbb8-7a6670db045c" />
  <Project Path="aula099/aula099.csproj" Id="0c68a634-7d13-4e27-b016-7aa3bf5ac2e0" />
  <Project Path="aula100/aula100.csproj" Id="fe491bd9-0e04-4878-9f92-8216f83eeba8" />
</Solution>
