<Solution>
  <Project Path="aula012/aula012.csproj" />
  <Project Path="aula013/aula013.csproj" Id="51b0dd05-a6b0-43b0-86de-0a3eaafc9839" />
  <Project Path="aula014/aula014.csproj" Id="cf1227ba-fbce-47ae-a133-b19763f0c573" />
  <Project Path="aula015/aula015.csproj" Id="f8ec2022-de6e-4b41-827a-24180ec68723" />
  <Project Path="aula016/aula016.csproj" Id="b1a021e0-7b73-4f59-be54-c73b079b62d3" />
  <Project Path="aula017/aula017.csproj" Id="ae6ed897-3b81-4eb2-93ad-76bf72a5a69a" />
  <Project Path="aula018/aula018.csproj" Id="6d86d313-a1eb-46f1-94a6-74180b272952" />
  <Project Path="aula019/aula019.csproj" Id="4bbfb9d7-4e27-41c3-911c-4088c427cb7d" />
</Solution>
