<Solution>
  <Project Path="aula028/aula028.csproj" Id="eefc79aa-95eb-4d08-a795-466111271dc7" />
  <Project Path="aula029/aula029.csproj" Id="fa7b17eb-4b91-4b2f-971a-1f362cbf4c32" />
  <Project Path="aula030/aula030.csproj" Id="5349a927-79ad-44f5-85de-f8ed535aa6da" />
  <Project Path="aula031/aula031.csproj" Id="db160257-2fe5-4599-9f41-02a43035f2b6" />
  <Project Path="aula033/aula033.csproj" Id="81912572-ed76-4445-9048-e7020b5d214f" />
  <Project Path="ConsoleApp1/aula032.csproj" Id="b349c979-242b-473e-b653-63d8f8975170" />
</Solution>
