<Solution>
  <Project Path="aula049/aula049.csproj" Id="507de4f1-7076-4583-85bc-f0f8e34fe982" />
  <Project Path="aula050/aula050.csproj" Id="6081c0d3-c370-48b9-9faa-96afea979cdb" />
  <Project Path="aula051/aula051.csproj" Id="9aac571f-7aad-43a8-b4b0-bb1aedfb41a8" />
  <Project Path="aula052/aula052.csproj" Id="2969b3a4-e4ff-462c-9fea-9c4401e68ec4" />
</Solution>
