<Solution>
  <Project Path="aula024/aula024.csproj" Id="3f427bb2-c6ad-49c9-bc7a-20fa9545be2b" />
  <Project Path="aula025/aula025.csproj" Id="fc0cf785-ccf7-4d0a-b89f-e586e919e008" />
  <Project Path="aula026/aula026.csproj" Id="5c0c1012-1bb5-4857-aefc-3f2aa916dfb1" />
  <Project Path="aula027/aula027.csproj" Id="2891e492-f909-4ad6-94ad-928b3c4ae8e1" />
  <Project Path="aula028/aula028.csproj" Id="f0a6def4-c495-49ad-930b-96c3a6cce23e" />
</Solution>
