<Solution>
  <Project Path="aula005/aula005.csproj" />
  <Project Path="aula006-2/aula006-2.csproj" Id="0d619020-1dd5-4dc9-94f2-0b88e4c66ec6" />
  <Project Path="aula006-3/aula006-3.csproj" Id="2b52630f-3cf8-4226-a493-55e9bdaa4cac" />
  <Project Path="aula006/aula006.csproj" Id="5ee74915-2cfa-403e-8122-e2740bb6ed47" />
</Solution>
