<Solution>
  <Project Path="aula055/aula055.csproj" Id="120c188d-1b91-4c58-ae9d-66b180d0da76" />
  <Project Path="aula056/aula056.csproj" Id="799ed166-2622-4970-ae2c-1e67cb22a402" />
  <Project Path="aula057/aula057.csproj" Id="d777291c-b9b3-4dee-b5ae-04c4e220d060" />
  <Project Path="aula058/aula058.csproj" Id="fe039cbc-14d9-4023-8dd5-6b8df5448b8e" />
  <Project Path="aula059/aula059.csproj" Id="3678e739-dc0b-4359-956e-6303bc78d891" />
  <Project Path="aula060/aula060.csproj" Id="fd2a8226-9dda-4bec-8c7e-77be7dbd217b" />
  <Project Path="aula061/aula061.csproj" Id="8dd5665f-9920-4969-9649-d6838515d328" />
  <Project Path="aula062/aula062.csproj" Id="6bb2e72f-8295-4148-bb18-e2621dc2e7f2" />
  <Project Path="aula063/aula063.csproj" Id="c22d2ff2-7ad6-4be3-b307-6b1599b2a3ef" />
  <Project Path="aula064/aula064.csproj" />
  <Project Path="aula065/aula065.csproj" />
  <Project Path="aula066/aula066.csproj" />
  <Project Path="aula067/aula067.csproj" />
  <Project Path="aula068/aula068.csproj" />
</Solution>
